// !$*UTF8*$!
{
	archiveVersion = 1;
	classes = {
	};
	objectVersion = 46;
	objects = {

/* Begin PBXBuildFile section */
		2C1727F81B8C24610088402C /* DDMainController.m in Sources */ = {isa = PBXBuildFile; fileRef = 2C1727F71B8C24610088402C /* DDMainController.m */; };
		2C1DBA661B8E08C30030E807 /* NSString+ResourcePath.m in Sources */ = {isa = PBXBuildFile; fileRef = 2C1DBA651B8E08C30030E807 /* NSString+ResourcePath.m */; };
		2C456F941B9AE24C006EE3D3 /* CharacterModel.xcdatamodeld in Sources */ = {isa = PBXBuildFile; fileRef = 2C456F921B9AE24C006EE3D3 /* CharacterModel.xcdatamodeld */; };
		2C456F971B9AE789006EE3D3 /* DDCharacter.m in Sources */ = {isa = PBXBuildFile; fileRef = 2C456F961B9AE789006EE3D3 /* DDCharacter.m */; };
		2C4B9D8A1B8EF37000FE3A1D /* Default-568h@2x.png in Resources */ = {isa = PBXBuildFile; fileRef = 2C4B9D891B8EF37000FE3A1D /* Default-568h@2x.png */; };
		2C4B9D8C1B8F1F3400FE3A1D /* Images.xcassets in Resources */ = {isa = PBXBuildFile; fileRef = 2C4B9D8B1B8F1F3400FE3A1D /* Images.xcassets */; };
		2C4E440D1B9232D100C62188 /* Localizable.strings in Resources */ = {isa = PBXBuildFile; fileRef = 2C4E440F1B9232D100C62188 /* Localizable.strings */; };
		2C4E441C1B923E4D00C62188 /* Main.storyboard in Resources */ = {isa = PBXBuildFile; fileRef = 2C4E441B1B923E4D00C62188 /* Main.storyboard */; };
		2C4E44201B923EFF00C62188 /* Info.plist in Resources */ = {isa = PBXBuildFile; fileRef = 2C4E441F1B923EFF00C62188 /* Info.plist */; };
		2C4E44221B923F6900C62188 /* LaunchScreen.xib in Resources */ = {isa = PBXBuildFile; fileRef = 2C4E44211B923F6900C62188 /* LaunchScreen.xib */; };
		2C65E5AA1B888EE800FBCF1E /* Characters.plist in Resources */ = {isa = PBXBuildFile; fileRef = 2C65E5A91B888EE800FBCF1E /* Characters.plist */; };
		2C65E5C81B889A6900FBCF1E /* DDCharacterCollectionCell.m in Sources */ = {isa = PBXBuildFile; fileRef = 2C65E5C61B889A6900FBCF1E /* DDCharacterCollectionCell.m */; };
		2C65E5CF1B889AD000FBCF1E /* DDCharacterTableCell.m in Sources */ = {isa = PBXBuildFile; fileRef = 2C65E5CD1B889AD000FBCF1E /* DDCharacterTableCell.m */; };
		2C65E5D01B889AD000FBCF1E /* DDCharacterTableCell.xib in Resources */ = {isa = PBXBuildFile; fileRef = 2C65E5CE1B889AD000FBCF1E /* DDCharacterTableCell.xib */; };
		2C65E5D81B889B2F00FBCF1E /* DDCharacterCollectionController.m in Sources */ = {isa = PBXBuildFile; fileRef = 2C65E5D41B889B2F00FBCF1E /* DDCharacterCollectionController.m */; };
		2C65E5D91B889B2F00FBCF1E /* DDCharacterTableController.m in Sources */ = {isa = PBXBuildFile; fileRef = 2C65E5D71B889B2F00FBCF1E /* DDCharacterTableController.m */; };
		2C6E02F11B91BCBE00B465A7 /* UIColor+AppColors.m in Sources */ = {isa = PBXBuildFile; fileRef = 2C6E02F01B91BCBE00B465A7 /* UIColor+AppColors.m */; };
		2C6E02F51B91BEF000B465A7 /* CAGradientLayer+Colors.m in Sources */ = {isa = PBXBuildFile; fileRef = 2C6E02F41B91BEF000B465A7 /* CAGradientLayer+Colors.m */; };
		2C78A3751B9A2B6A00281D7D /* DDCoreDataManager.m in Sources */ = {isa = PBXBuildFile; fileRef = 2C78A3741B9A2B6A00281D7D /* DDCoreDataManager.m */; };
		2C7CAD061BA1E5BE00C43197 /* DDMigrateManager.m in Sources */ = {isa = PBXBuildFile; fileRef = 2C7CAD051BA1E5BE00C43197 /* DDMigrateManager.m */; };
		2C81743B1B92FACE005E1472 /* DDInputValidator.m in Sources */ = {isa = PBXBuildFile; fileRef = 2C81743A1B92FACE005E1472 /* DDInputValidator.m */; };
		2C8174401B930072005E1472 /* DDAppDelegate.m in Sources */ = {isa = PBXBuildFile; fileRef = 2C81743F1B930072005E1472 /* DDAppDelegate.m */; };
		2C8174441B9300BC005E1472 /* DDDataManager.m in Sources */ = {isa = PBXBuildFile; fileRef = 2C8174431B9300BC005E1472 /* DDDataManager.m */; };
		2C81744C1B9300F1005E1472 /* DDCharacterFactory.m in Sources */ = {isa = PBXBuildFile; fileRef = 2C8174481B9300F1005E1472 /* DDCharacterFactory.m */; };
		2C81744D1B9300F1005E1472 /* DDDataSource.m in Sources */ = {isa = PBXBuildFile; fileRef = 2C81744B1B9300F1005E1472 /* DDDataSource.m */; };
		2C990FB71B753F63001EAFA1 /* main.m in Sources */ = {isa = PBXBuildFile; fileRef = 2C990FB61B753F63001EAFA1 /* main.m */; };
		2C990FD11B753F63001EAFA1 /* CartoonsTests.m in Sources */ = {isa = PBXBuildFile; fileRef = 2C990FD01B753F63001EAFA1 /* CartoonsTests.m */; };
		2C997EAC1B8B308E00EB2E74 /* DDContainerViewController.m in Sources */ = {isa = PBXBuildFile; fileRef = 2C997EAB1B8B308E00EB2E74 /* DDContainerViewController.m */; };
		2C997EB01B8B321000EB2E74 /* DDAddCharacterController.m in Sources */ = {isa = PBXBuildFile; fileRef = 2C997EAF1B8B321000EB2E74 /* DDAddCharacterController.m */; };
		2CACA1951B8DD953008EA41D /* NSString+StringFromDate.m in Sources */ = {isa = PBXBuildFile; fileRef = 2CACA1941B8DD953008EA41D /* NSString+StringFromDate.m */; };
		2CC0D2541B91D265005E1EDC /* UIAlertView+Convenience.m in Sources */ = {isa = PBXBuildFile; fileRef = 2CC0D2531B91D265005E1EDC /* UIAlertView+Convenience.m */; };
		2CC0D2631B91DB20005E1EDC /* DDContainerSegue.m in Sources */ = {isa = PBXBuildFile; fileRef = 2CC0D2611B91DB20005E1EDC /* DDContainerSegue.m */; };
		CAF2FFC64C4DCCA882031991 /* libPods.a in Frameworks */ = {isa = PBXBuildFile; fileRef = D34BAB0500D46A2B5CFA56A2 /* libPods.a */; };
/* End PBXBuildFile section */

/* Begin PBXContainerItemProxy section */
		2C990FCB1B753F63001EAFA1 /* PBXContainerItemProxy */ = {
			isa = PBXContainerItemProxy;
			containerPortal = 2C990FA91B753F63001EAFA1 /* Project object */;
			proxyType = 1;
			remoteGlobalIDString = 2C990FB01B753F63001EAFA1;
			remoteInfo = Cartoons;
		};
/* End PBXContainerItemProxy section */

/* Begin PBXFileReference section */
		12B092A7EA6E9F36D441E234 /* Pods.debug.xcconfig */ = {isa = PBXFileReference; includeInIndex = 1; lastKnownFileType = text.xcconfig; name = Pods.debug.xcconfig; path = "Pods/Target Support Files/Pods/Pods.debug.xcconfig"; sourceTree = "<group>"; };
		2C1727F61B8C24610088402C /* DDMainController.h */ = {isa = PBXFileReference; fileEncoding = 4; lastKnownFileType = sourcecode.c.h; name = DDMainController.h; path = DDMainController/DDMainController.h; sourceTree = "<group>"; };
		2C1727F71B8C24610088402C /* DDMainController.m */ = {isa = PBXFileReference; fileEncoding = 4; lastKnownFileType = sourcecode.c.objc; name = DDMainController.m; path = DDMainController/DDMainController.m; sourceTree = "<group>"; };
		2C1DBA641B8E08C30030E807 /* NSString+ResourcePath.h */ = {isa = PBXFileReference; fileEncoding = 4; lastKnownFileType = sourcecode.c.h; name = "NSString+ResourcePath.h"; path = "NSString+ResourcePath/NSString+ResourcePath.h"; sourceTree = "<group>"; };
		2C1DBA651B8E08C30030E807 /* NSString+ResourcePath.m */ = {isa = PBXFileReference; fileEncoding = 4; lastKnownFileType = sourcecode.c.objc; name = "NSString+ResourcePath.m"; path = "NSString+ResourcePath/NSString+ResourcePath.m"; sourceTree = "<group>"; };
		2C456F931B9AE24C006EE3D3 /* CharacterModel.xcdatamodel */ = {isa = PBXFileReference; lastKnownFileType = wrapper.xcdatamodel; path = CharacterModel.xcdatamodel; sourceTree = "<group>"; };
		2C456F951B9AE789006EE3D3 /* DDCharacter.h */ = {isa = PBXFileReference; fileEncoding = 4; lastKnownFileType = sourcecode.c.h; name = DDCharacter.h; path = CoreData/DDCharacter.h; sourceTree = "<group>"; };
		2C456F961B9AE789006EE3D3 /* DDCharacter.m */ = {isa = PBXFileReference; fileEncoding = 4; lastKnownFileType = sourcecode.c.objc; name = DDCharacter.m; path = CoreData/DDCharacter.m; sourceTree = "<group>"; };
		2C4B9D891B8EF37000FE3A1D /* Default-568h@2x.png */ = {isa = PBXFileReference; lastKnownFileType = image.png; path = "Default-568h@2x.png"; sourceTree = "<group>"; };
		2C4B9D8B1B8F1F3400FE3A1D /* Images.xcassets */ = {isa = PBXFileReference; lastKnownFileType = folder.assetcatalog; path = Images.xcassets; sourceTree = "<group>"; };
		2C4E440E1B9232D100C62188 /* en */ = {isa = PBXFileReference; lastKnownFileType = text.plist.strings; name = en; path = en.lproj/Localizable.strings; sourceTree = "<group>"; };
		2C4E44101B9232D600C62188 /* ru */ = {isa = PBXFileReference; lastKnownFileType = text.plist.strings; name = ru; path = ru.lproj/Localizable.strings; sourceTree = "<group>"; };
		2C4E441B1B923E4D00C62188 /* Main.storyboard */ = {isa = PBXFileReference; fileEncoding = 4; lastKnownFileType = file.storyboard; path = Main.storyboard; sourceTree = "<group>"; };
		2C4E441F1B923EFF00C62188 /* Info.plist */ = {isa = PBXFileReference; fileEncoding = 4; lastKnownFileType = text.plist.xml; name = Info.plist; path = SupportingFiles/Info.plist; sourceTree = "<group>"; };
		2C4E44211B923F6900C62188 /* LaunchScreen.xib */ = {isa = PBXFileReference; fileEncoding = 4; lastKnownFileType = file.xib; path = LaunchScreen.xib; sourceTree = "<group>"; };
		2C65E5A91B888EE800FBCF1E /* Characters.plist */ = {isa = PBXFileReference; fileEncoding = 4; lastKnownFileType = text.plist.xml; name = Characters.plist; path = "Property List/Characters.plist"; sourceTree = "<group>"; };
		2C65E5AB1B888F1F00FBCF1E /* Constants.h */ = {isa = PBXFileReference; fileEncoding = 4; lastKnownFileType = sourcecode.c.h; name = Constants.h; path = SupportingFiles/Constants.h; sourceTree = "<group>"; };
		2C65E5AD1B888F1F00FBCF1E /* PrefixHeader.pch */ = {isa = PBXFileReference; fileEncoding = 4; lastKnownFileType = sourcecode.c.h; name = PrefixHeader.pch; path = SupportingFiles/PrefixHeader.pch; sourceTree = "<group>"; };
		2C65E5C51B889A6900FBCF1E /* DDCharacterCollectionCell.h */ = {isa = PBXFileReference; fileEncoding = 4; lastKnownFileType = sourcecode.c.h; name = DDCharacterCollectionCell.h; path = Cells/DDCharacterCollectionCell/DDCharacterCollectionCell.h; sourceTree = "<group>"; };
		2C65E5C61B889A6900FBCF1E /* DDCharacterCollectionCell.m */ = {isa = PBXFileReference; fileEncoding = 4; lastKnownFileType = sourcecode.c.objc; name = DDCharacterCollectionCell.m; path = Cells/DDCharacterCollectionCell/DDCharacterCollectionCell.m; sourceTree = "<group>"; };
		2C65E5CC1B889AD000FBCF1E /* DDCharacterTableCell.h */ = {isa = PBXFileReference; fileEncoding = 4; lastKnownFileType = sourcecode.c.h; path = DDCharacterTableCell.h; sourceTree = "<group>"; };
		2C65E5CD1B889AD000FBCF1E /* DDCharacterTableCell.m */ = {isa = PBXFileReference; fileEncoding = 4; lastKnownFileType = sourcecode.c.objc; path = DDCharacterTableCell.m; sourceTree = "<group>"; };
		2C65E5CE1B889AD000FBCF1E /* DDCharacterTableCell.xib */ = {isa = PBXFileReference; fileEncoding = 4; lastKnownFileType = file.xib; path = DDCharacterTableCell.xib; sourceTree = "<group>"; };
		2C65E5D31B889B2F00FBCF1E /* DDCharacterCollectionController.h */ = {isa = PBXFileReference; fileEncoding = 4; lastKnownFileType = sourcecode.c.h; path = DDCharacterCollectionController.h; sourceTree = "<group>"; };
		2C65E5D41B889B2F00FBCF1E /* DDCharacterCollectionController.m */ = {isa = PBXFileReference; fileEncoding = 4; lastKnownFileType = sourcecode.c.objc; path = DDCharacterCollectionController.m; sourceTree = "<group>"; };
		2C65E5D61B889B2F00FBCF1E /* DDCharacterTableController.h */ = {isa = PBXFileReference; fileEncoding = 4; lastKnownFileType = sourcecode.c.h; path = DDCharacterTableController.h; sourceTree = "<group>"; };
		2C65E5D71B889B2F00FBCF1E /* DDCharacterTableController.m */ = {isa = PBXFileReference; fileEncoding = 4; lastKnownFileType = sourcecode.c.objc; path = DDCharacterTableController.m; sourceTree = "<group>"; };
		2C6E02EF1B91BCBE00B465A7 /* UIColor+AppColors.h */ = {isa = PBXFileReference; fileEncoding = 4; lastKnownFileType = sourcecode.c.h; name = "UIColor+AppColors.h"; path = "UIColor+AppColors/UIColor+AppColors.h"; sourceTree = "<group>"; };
		2C6E02F01B91BCBE00B465A7 /* UIColor+AppColors.m */ = {isa = PBXFileReference; fileEncoding = 4; lastKnownFileType = sourcecode.c.objc; name = "UIColor+AppColors.m"; path = "UIColor+AppColors/UIColor+AppColors.m"; sourceTree = "<group>"; };
		2C6E02F31B91BEF000B465A7 /* CAGradientLayer+Colors.h */ = {isa = PBXFileReference; fileEncoding = 4; lastKnownFileType = sourcecode.c.h; name = "CAGradientLayer+Colors.h"; path = "CAGradientLayer+Colors/CAGradientLayer+Colors.h"; sourceTree = "<group>"; };
		2C6E02F41B91BEF000B465A7 /* CAGradientLayer+Colors.m */ = {isa = PBXFileReference; fileEncoding = 4; lastKnownFileType = sourcecode.c.objc; name = "CAGradientLayer+Colors.m"; path = "CAGradientLayer+Colors/CAGradientLayer+Colors.m"; sourceTree = "<group>"; };
		2C78A3731B9A2B6A00281D7D /* DDCoreDataManager.h */ = {isa = PBXFileReference; fileEncoding = 4; lastKnownFileType = sourcecode.c.h; path = DDCoreDataManager.h; sourceTree = "<group>"; };
		2C78A3741B9A2B6A00281D7D /* DDCoreDataManager.m */ = {isa = PBXFileReference; fileEncoding = 4; lastKnownFileType = sourcecode.c.objc; path = DDCoreDataManager.m; sourceTree = "<group>"; };
		2C7CAD041BA1E5BE00C43197 /* DDMigrateManager.h */ = {isa = PBXFileReference; fileEncoding = 4; lastKnownFileType = sourcecode.c.h; name = DDMigrateManager.h; path = Managers/MigrateManager/DDMigrateManager.h; sourceTree = "<group>"; };
		2C7CAD051BA1E5BE00C43197 /* DDMigrateManager.m */ = {isa = PBXFileReference; fileEncoding = 4; lastKnownFileType = sourcecode.c.objc; name = DDMigrateManager.m; path = Managers/MigrateManager/DDMigrateManager.m; sourceTree = "<group>"; };
		2C8174391B92FACE005E1472 /* DDInputValidator.h */ = {isa = PBXFileReference; fileEncoding = 4; lastKnownFileType = sourcecode.c.h; name = DDInputValidator.h; path = Utils/DDInputValidator/DDInputValidator.h; sourceTree = "<group>"; };
		2C81743A1B92FACE005E1472 /* DDInputValidator.m */ = {isa = PBXFileReference; fileEncoding = 4; lastKnownFileType = sourcecode.c.objc; name = DDInputValidator.m; path = Utils/DDInputValidator/DDInputValidator.m; sourceTree = "<group>"; };
		2C81743E1B930072005E1472 /* DDAppDelegate.h */ = {isa = PBXFileReference; fileEncoding = 4; lastKnownFileType = sourcecode.c.h; path = DDAppDelegate.h; sourceTree = "<group>"; };
		2C81743F1B930072005E1472 /* DDAppDelegate.m */ = {isa = PBXFileReference; fileEncoding = 4; lastKnownFileType = sourcecode.c.objc; path = DDAppDelegate.m; sourceTree = "<group>"; };
		2C8174421B9300BC005E1472 /* DDDataManager.h */ = {isa = PBXFileReference; fileEncoding = 4; lastKnownFileType = sourcecode.c.h; path = DDDataManager.h; sourceTree = "<group>"; };
		2C8174431B9300BC005E1472 /* DDDataManager.m */ = {isa = PBXFileReference; fileEncoding = 4; lastKnownFileType = sourcecode.c.objc; path = DDDataManager.m; sourceTree = "<group>"; };
		2C8174471B9300F1005E1472 /* DDCharacterFactory.h */ = {isa = PBXFileReference; fileEncoding = 4; lastKnownFileType = sourcecode.c.h; path = DDCharacterFactory.h; sourceTree = "<group>"; };
		2C8174481B9300F1005E1472 /* DDCharacterFactory.m */ = {isa = PBXFileReference; fileEncoding = 4; lastKnownFileType = sourcecode.c.objc; path = DDCharacterFactory.m; sourceTree = "<group>"; };
		2C81744A1B9300F1005E1472 /* DDDataSource.h */ = {isa = PBXFileReference; fileEncoding = 4; lastKnownFileType = sourcecode.c.h; path = DDDataSource.h; sourceTree = "<group>"; };
		2C81744B1B9300F1005E1472 /* DDDataSource.m */ = {isa = PBXFileReference; fileEncoding = 4; lastKnownFileType = sourcecode.c.objc; path = DDDataSource.m; sourceTree = "<group>"; };
		2C990FB11B753F63001EAFA1 /* Cartoons.app */ = {isa = PBXFileReference; explicitFileType = wrapper.application; includeInIndex = 0; path = Cartoons.app; sourceTree = BUILT_PRODUCTS_DIR; };
		2C990FB61B753F63001EAFA1 /* main.m */ = {isa = PBXFileReference; lastKnownFileType = sourcecode.c.objc; path = main.m; sourceTree = "<group>"; };
		2C990FCA1B753F63001EAFA1 /* CartoonsTests.xctest */ = {isa = PBXFileReference; explicitFileType = wrapper.cfbundle; includeInIndex = 0; path = CartoonsTests.xctest; sourceTree = BUILT_PRODUCTS_DIR; };
		2C990FCF1B753F63001EAFA1 /* Info.plist */ = {isa = PBXFileReference; lastKnownFileType = text.plist.xml; path = Info.plist; sourceTree = "<group>"; };
		2C990FD01B753F63001EAFA1 /* CartoonsTests.m */ = {isa = PBXFileReference; lastKnownFileType = sourcecode.c.objc; path = CartoonsTests.m; sourceTree = "<group>"; };
		2C997EAA1B8B308E00EB2E74 /* DDContainerViewController.h */ = {isa = PBXFileReference; fileEncoding = 4; lastKnownFileType = sourcecode.c.h; name = DDContainerViewController.h; path = DDContainerViewController/DDContainerViewController.h; sourceTree = "<group>"; };
		2C997EAB1B8B308E00EB2E74 /* DDContainerViewController.m */ = {isa = PBXFileReference; fileEncoding = 4; lastKnownFileType = sourcecode.c.objc; name = DDContainerViewController.m; path = DDContainerViewController/DDContainerViewController.m; sourceTree = "<group>"; };
		2C997EAE1B8B321000EB2E74 /* DDAddCharacterController.h */ = {isa = PBXFileReference; fileEncoding = 4; lastKnownFileType = sourcecode.c.h; name = DDAddCharacterController.h; path = DDAddCharacterController/DDAddCharacterController.h; sourceTree = "<group>"; };
		2C997EAF1B8B321000EB2E74 /* DDAddCharacterController.m */ = {isa = PBXFileReference; fileEncoding = 4; lastKnownFileType = sourcecode.c.objc; name = DDAddCharacterController.m; path = DDAddCharacterController/DDAddCharacterController.m; sourceTree = "<group>"; };
		2CACA1931B8DD953008EA41D /* NSString+StringFromDate.h */ = {isa = PBXFileReference; fileEncoding = 4; lastKnownFileType = sourcecode.c.h; name = "NSString+StringFromDate.h"; path = "NSString+StringFromDate/NSString+StringFromDate.h"; sourceTree = "<group>"; };
		2CACA1941B8DD953008EA41D /* NSString+StringFromDate.m */ = {isa = PBXFileReference; fileEncoding = 4; lastKnownFileType = sourcecode.c.objc; name = "NSString+StringFromDate.m"; path = "NSString+StringFromDate/NSString+StringFromDate.m"; sourceTree = "<group>"; };
		2CC0D2521B91D265005E1EDC /* UIAlertView+Convenience.h */ = {isa = PBXFileReference; fileEncoding = 4; lastKnownFileType = sourcecode.c.h; name = "UIAlertView+Convenience.h"; path = "UIAlertView+Convenience/UIAlertView+Convenience.h"; sourceTree = "<group>"; };
		2CC0D2531B91D265005E1EDC /* UIAlertView+Convenience.m */ = {isa = PBXFileReference; fileEncoding = 4; lastKnownFileType = sourcecode.c.objc; name = "UIAlertView+Convenience.m"; path = "UIAlertView+Convenience/UIAlertView+Convenience.m"; sourceTree = "<group>"; };
		2CC0D2601B91DB20005E1EDC /* DDContainerSegue.h */ = {isa = PBXFileReference; fileEncoding = 4; lastKnownFileType = sourcecode.c.h; path = DDContainerSegue.h; sourceTree = "<group>"; };
		2CC0D2611B91DB20005E1EDC /* DDContainerSegue.m */ = {isa = PBXFileReference; fileEncoding = 4; lastKnownFileType = sourcecode.c.objc; path = DDContainerSegue.m; sourceTree = "<group>"; };
		C369AD996EF71B86C511C5B7 /* Pods.release.xcconfig */ = {isa = PBXFileReference; includeInIndex = 1; lastKnownFileType = text.xcconfig; name = Pods.release.xcconfig; path = "Pods/Target Support Files/Pods/Pods.release.xcconfig"; sourceTree = "<group>"; };
		D34BAB0500D46A2B5CFA56A2 /* libPods.a */ = {isa = PBXFileReference; explicitFileType = archive.ar; includeInIndex = 0; path = libPods.a; sourceTree = BUILT_PRODUCTS_DIR; };
/* End PBXFileReference section */

/* Begin PBXFrameworksBuildPhase section */
		2C990FAE1B753F63001EAFA1 /* Frameworks */ = {
			isa = PBXFrameworksBuildPhase;
			buildActionMask = 2147483647;
			files = (
				CAF2FFC64C4DCCA882031991 /* libPods.a in Frameworks */,
			);
			runOnlyForDeploymentPostprocessing = 0;
		};
		2C990FC71B753F63001EAFA1 /* Frameworks */ = {
			isa = PBXFrameworksBuildPhase;
			buildActionMask = 2147483647;
			files = (
			);
			runOnlyForDeploymentPostprocessing = 0;
		};
/* End PBXFrameworksBuildPhase section */

/* Begin PBXGroup section */
		08196532916DB0CF4C825C3A /* Frameworks */ = {
			isa = PBXGroup;
			children = (
				D34BAB0500D46A2B5CFA56A2 /* libPods.a */,
			);
			name = Frameworks;
			sourceTree = "<group>";
		};
		2C1727F91B8C24650088402C /* MainController */ = {
			isa = PBXGroup;
			children = (
				2C1727F61B8C24610088402C /* DDMainController.h */,
				2C1727F71B8C24610088402C /* DDMainController.m */,
			);
			name = MainController;
			sourceTree = "<group>";
		};
		2C456F911B9AE1B1006EE3D3 /* CoreData */ = {
			isa = PBXGroup;
			children = (
				2C456F921B9AE24C006EE3D3 /* CharacterModel.xcdatamodeld */,
				2C456F951B9AE789006EE3D3 /* DDCharacter.h */,
				2C456F961B9AE789006EE3D3 /* DDCharacter.m */,
			);
			name = CoreData;
			sourceTree = "<group>";
		};
		2C65E5A41B88887400FBCF1E /* Resources */ = {
			isa = PBXGroup;
			children = (
				2C4B9D8B1B8F1F3400FE3A1D /* Images.xcassets */,
				2C4B9D891B8EF37000FE3A1D /* Default-568h@2x.png */,
				2C65E5A91B888EE800FBCF1E /* Characters.plist */,
			);
			path = Resources;
			sourceTree = "<group>";
		};
		2C65E5C41B889A0900FBCF1E /* Cells */ = {
			isa = PBXGroup;
			children = (
				2C65E5CB1B889AD000FBCF1E /* CharacterTableCell */,
				2C65E5CA1B889A7B00FBCF1E /* CharacterCollectionCell */,
			);
			name = Cells;
			sourceTree = "<group>";
		};
		2C65E5CA1B889A7B00FBCF1E /* CharacterCollectionCell */ = {
			isa = PBXGroup;
			children = (
				2C65E5C51B889A6900FBCF1E /* DDCharacterCollectionCell.h */,
				2C65E5C61B889A6900FBCF1E /* DDCharacterCollectionCell.m */,
			);
			name = CharacterCollectionCell;
			sourceTree = "<group>";
		};
		2C65E5CB1B889AD000FBCF1E /* CharacterTableCell */ = {
			isa = PBXGroup;
			children = (
				2C65E5CC1B889AD000FBCF1E /* DDCharacterTableCell.h */,
				2C65E5CD1B889AD000FBCF1E /* DDCharacterTableCell.m */,
				2C65E5CE1B889AD000FBCF1E /* DDCharacterTableCell.xib */,
			);
			name = CharacterTableCell;
			path = Cells/DDCharacterTableCell;
			sourceTree = "<group>";
		};
		2C65E5D11B889B2F00FBCF1E /* Controllers */ = {
			isa = PBXGroup;
			children = (
				2C1727F91B8C24650088402C /* MainController */,
				2C997EAD1B8B309400EB2E74 /* ContainerViewController */,
				2C65E5D51B889B2F00FBCF1E /* CharacterTableController */,
				2C65E5D21B889B2F00FBCF1E /* CharacterCollectionController.h */,
				2C997EB11B8B321400EB2E74 /* AddCharacterController */,
			);
			path = Controllers;
			sourceTree = "<group>";
		};
		2C65E5D21B889B2F00FBCF1E /* CharacterCollectionController.h */ = {
			isa = PBXGroup;
			children = (
				2C65E5D31B889B2F00FBCF1E /* DDCharacterCollectionController.h */,
				2C65E5D41B889B2F00FBCF1E /* DDCharacterCollectionController.m */,
			);
			name = CharacterCollectionController.h;
			path = DDCharacterCollectionController.h;
			sourceTree = "<group>";
		};
		2C65E5D51B889B2F00FBCF1E /* CharacterTableController */ = {
			isa = PBXGroup;
			children = (
				2C65E5D61B889B2F00FBCF1E /* DDCharacterTableController.h */,
				2C65E5D71B889B2F00FBCF1E /* DDCharacterTableController.m */,
			);
			name = CharacterTableController;
			path = DDCharacterTableController;
			sourceTree = "<group>";
		};
		2C65E5DA1B88AA1500FBCF1E /* Categories */ = {
			isa = PBXGroup;
			children = (
				2CACA18B1B8DC44D008EA41D /* NSString+ResourcePath */,
				2CACA1961B8DD956008EA41D /* NSString+StringFromDate */,
				2C6E02F21B91BCC700B465A7 /* UIColor+AppColors */,
				2C6E02F61B91BEF400B465A7 /* CAGradientLayer+Colors */,
				2CC0D2551B91D26B005E1EDC /* UIAlertView+Convenience */,
			);
			path = Categories;
			sourceTree = "<group>";
		};
		2C6E02F21B91BCC700B465A7 /* UIColor+AppColors */ = {
			isa = PBXGroup;
			children = (
				2C6E02EF1B91BCBE00B465A7 /* UIColor+AppColors.h */,
				2C6E02F01B91BCBE00B465A7 /* UIColor+AppColors.m */,
			);
			name = "UIColor+AppColors";
			sourceTree = "<group>";
		};
		2C6E02F61B91BEF400B465A7 /* CAGradientLayer+Colors */ = {
			isa = PBXGroup;
			children = (
				2C6E02F31B91BEF000B465A7 /* CAGradientLayer+Colors.h */,
				2C6E02F41B91BEF000B465A7 /* CAGradientLayer+Colors.m */,
			);
			name = "CAGradientLayer+Colors";
			sourceTree = "<group>";
		};
		2C78A3721B9A2B6A00281D7D /* CoreDataManager */ = {
			isa = PBXGroup;
			children = (
				2C78A3731B9A2B6A00281D7D /* DDCoreDataManager.h */,
				2C78A3741B9A2B6A00281D7D /* DDCoreDataManager.m */,
			);
			name = CoreDataManager;
			path = Utils/DDCoreDataManager;
			sourceTree = "<group>";
		};
		2C7CAD071BA1E5C800C43197 /* MigrateManager */ = {
			isa = PBXGroup;
			children = (
				2C7CAD041BA1E5BE00C43197 /* DDMigrateManager.h */,
				2C7CAD051BA1E5BE00C43197 /* DDMigrateManager.m */,
			);
			name = MigrateManager;
			sourceTree = "<group>";
		};
		2C8174381B92FA94005E1472 /* Utils */ = {
			isa = PBXGroup;
			children = (
				2C78A3721B9A2B6A00281D7D /* CoreDataManager */,
				2C8174411B9300BC005E1472 /* DataManager */,
				2C81743C1B92FAD6005E1472 /* InputValidator */,
				2C7CAD071BA1E5C800C43197 /* MigrateManager */,
			);
			name = Utils;
			sourceTree = "<group>";
		};
		2C81743C1B92FAD6005E1472 /* InputValidator */ = {
			isa = PBXGroup;
			children = (
				2C8174391B92FACE005E1472 /* DDInputValidator.h */,
				2C81743A1B92FACE005E1472 /* DDInputValidator.m */,
			);
			name = InputValidator;
			sourceTree = "<group>";
		};
		2C81743D1B930072005E1472 /* AppDelegate */ = {
			isa = PBXGroup;
			children = (
				2C81743E1B930072005E1472 /* DDAppDelegate.h */,
				2C81743F1B930072005E1472 /* DDAppDelegate.m */,
			);
			path = AppDelegate;
			sourceTree = "<group>";
		};
		2C8174411B9300BC005E1472 /* DataManager */ = {
			isa = PBXGroup;
			children = (
				2C8174421B9300BC005E1472 /* DDDataManager.h */,
				2C8174431B9300BC005E1472 /* DDDataManager.m */,
			);
			name = DataManager;
			path = Utils/DDDataManager;
			sourceTree = "<group>";
		};
		2C8174451B9300F1005E1472 /* Models */ = {
			isa = PBXGroup;
			children = (
				2C8174461B9300F1005E1472 /* DDCharacterFactory */,
				2C8174491B9300F1005E1472 /* DDDataSource */,
			);
			path = Models;
			sourceTree = "<group>";
		};
		2C8174461B9300F1005E1472 /* DDCharacterFactory */ = {
			isa = PBXGroup;
			children = (
				2C8174471B9300F1005E1472 /* DDCharacterFactory.h */,
				2C8174481B9300F1005E1472 /* DDCharacterFactory.m */,
			);
			path = DDCharacterFactory;
			sourceTree = "<group>";
		};
		2C8174491B9300F1005E1472 /* DDDataSource */ = {
			isa = PBXGroup;
			children = (
				2C81744A1B9300F1005E1472 /* DDDataSource.h */,
				2C81744B1B9300F1005E1472 /* DDDataSource.m */,
			);
			path = DDDataSource;
			sourceTree = "<group>";
		};
		2C990FA81B753F63001EAFA1 = {
			isa = PBXGroup;
			children = (
				2C990FB31B753F63001EAFA1 /* Cartoons */,
				2C990FCD1B753F63001EAFA1 /* CartoonsTests */,
				2C990FB21B753F63001EAFA1 /* Products */,
				8A48ED5DDFD02EBC0BEFCB1F /* Pods */,
				08196532916DB0CF4C825C3A /* Frameworks */,
			);
			sourceTree = "<group>";
		};
		2C990FB21B753F63001EAFA1 /* Products */ = {
			isa = PBXGroup;
			children = (
				2C990FB11B753F63001EAFA1 /* Cartoons.app */,
				2C990FCA1B753F63001EAFA1 /* CartoonsTests.xctest */,
			);
			name = Products;
			sourceTree = "<group>";
		};
		2C990FB31B753F63001EAFA1 /* Cartoons */ = {
			isa = PBXGroup;
			children = (
				2C456F911B9AE1B1006EE3D3 /* CoreData */,
				2C81743D1B930072005E1472 /* AppDelegate */,
				2C8174381B92FA94005E1472 /* Utils */,
				2C65E5DA1B88AA1500FBCF1E /* Categories */,
				2C8174451B9300F1005E1472 /* Models */,
				2C65E5D11B889B2F00FBCF1E /* Controllers */,
				2C65E5C41B889A0900FBCF1E /* Cells */,
				2CC0D25E1B91DB20005E1EDC /* Storyboards */,
				2C65E5A41B88887400FBCF1E /* Resources */,
				2C990FB41B753F63001EAFA1 /* Supporting Files */,
			);
			path = Cartoons;
			sourceTree = "<group>";
		};
		2C990FB41B753F63001EAFA1 /* Supporting Files */ = {
			isa = PBXGroup;
			children = (
				2C4E441F1B923EFF00C62188 /* Info.plist */,
				2C990FB61B753F63001EAFA1 /* main.m */,
				2C65E5AB1B888F1F00FBCF1E /* Constants.h */,
				2C65E5AD1B888F1F00FBCF1E /* PrefixHeader.pch */,
				2C4E440F1B9232D100C62188 /* Localizable.strings */,
			);
			name = "Supporting Files";
			sourceTree = "<group>";
		};
		2C990FCD1B753F63001EAFA1 /* CartoonsTests */ = {
			isa = PBXGroup;
			children = (
				2C990FD01B753F63001EAFA1 /* CartoonsTests.m */,
				2C990FCE1B753F63001EAFA1 /* Supporting Files */,
			);
			path = CartoonsTests;
			sourceTree = "<group>";
		};
		2C990FCE1B753F63001EAFA1 /* Supporting Files */ = {
			isa = PBXGroup;
			children = (
				2C990FCF1B753F63001EAFA1 /* Info.plist */,
			);
			name = "Supporting Files";
			sourceTree = "<group>";
		};
		2C997EAD1B8B309400EB2E74 /* ContainerViewController */ = {
			isa = PBXGroup;
			children = (
				2C997EAA1B8B308E00EB2E74 /* DDContainerViewController.h */,
				2C997EAB1B8B308E00EB2E74 /* DDContainerViewController.m */,
			);
			name = ContainerViewController;
			sourceTree = "<group>";
		};
		2C997EB11B8B321400EB2E74 /* AddCharacterController */ = {
			isa = PBXGroup;
			children = (
				2C997EAE1B8B321000EB2E74 /* DDAddCharacterController.h */,
				2C997EAF1B8B321000EB2E74 /* DDAddCharacterController.m */,
			);
			name = AddCharacterController;
			sourceTree = "<group>";
		};
		2CACA18B1B8DC44D008EA41D /* NSString+ResourcePath */ = {
			isa = PBXGroup;
			children = (
				2C1DBA641B8E08C30030E807 /* NSString+ResourcePath.h */,
				2C1DBA651B8E08C30030E807 /* NSString+ResourcePath.m */,
			);
			name = "NSString+ResourcePath";
			sourceTree = "<group>";
		};
		2CACA1961B8DD956008EA41D /* NSString+StringFromDate */ = {
			isa = PBXGroup;
			children = (
				2CACA1931B8DD953008EA41D /* NSString+StringFromDate.h */,
				2CACA1941B8DD953008EA41D /* NSString+StringFromDate.m */,
			);
			name = "NSString+StringFromDate";
			sourceTree = "<group>";
		};
		2CC0D2551B91D26B005E1EDC /* UIAlertView+Convenience */ = {
			isa = PBXGroup;
			children = (
				2CC0D2521B91D265005E1EDC /* UIAlertView+Convenience.h */,
				2CC0D2531B91D265005E1EDC /* UIAlertView+Convenience.m */,
			);
			name = "UIAlertView+Convenience";
			sourceTree = "<group>";
		};
		2CC0D25E1B91DB20005E1EDC /* Storyboards */ = {
			isa = PBXGroup;
			children = (
				2CC0D25F1B91DB20005E1EDC /* ContainerSegue */,
				2C4E441B1B923E4D00C62188 /* Main.storyboard */,
				2C4E44211B923F6900C62188 /* LaunchScreen.xib */,
			);
			path = Storyboards;
			sourceTree = "<group>";
		};
		2CC0D25F1B91DB20005E1EDC /* ContainerSegue */ = {
			isa = PBXGroup;
			children = (
				2CC0D2601B91DB20005E1EDC /* DDContainerSegue.h */,
				2CC0D2611B91DB20005E1EDC /* DDContainerSegue.m */,
			);
			name = ContainerSegue;
			path = DDContainerSegue;
			sourceTree = "<group>";
		};
		8A48ED5DDFD02EBC0BEFCB1F /* Pods */ = {
			isa = PBXGroup;
			children = (
				12B092A7EA6E9F36D441E234 /* Pods.debug.xcconfig */,
				C369AD996EF71B86C511C5B7 /* Pods.release.xcconfig */,
			);
			name = Pods;
			sourceTree = "<group>";
		};
/* End PBXGroup section */

/* Begin PBXNativeTarget section */
		2C990FB01B753F63001EAFA1 /* Cartoons */ = {
			isa = PBXNativeTarget;
			buildConfigurationList = 2C990FD41B753F63001EAFA1 /* Build configuration list for PBXNativeTarget "Cartoons" */;
			buildPhases = (
				13E5D21EBE2E9C5AEB8847F9 /* Check Pods Manifest.lock */,
				2C990FAD1B753F63001EAFA1 /* Sources */,
				2C990FAE1B753F63001EAFA1 /* Frameworks */,
				2C990FAF1B753F63001EAFA1 /* Resources */,
				C3A545690B077DD3F3353782 /* Copy Pods Resources */,
			);
			buildRules = (
			);
			dependencies = (
			);
			name = Cartoons;
			productName = Cartoons;
			productReference = 2C990FB11B753F63001EAFA1 /* Cartoons.app */;
			productType = "com.apple.product-type.application";
		};
		2C990FC91B753F63001EAFA1 /* CartoonsTests */ = {
			isa = PBXNativeTarget;
			buildConfigurationList = 2C990FD71B753F63001EAFA1 /* Build configuration list for PBXNativeTarget "CartoonsTests" */;
			buildPhases = (
				2C990FC61B753F63001EAFA1 /* Sources */,
				2C990FC71B753F63001EAFA1 /* Frameworks */,
				2C990FC81B753F63001EAFA1 /* Resources */,
			);
			buildRules = (
			);
			dependencies = (
				2C990FCC1B753F63001EAFA1 /* PBXTargetDependency */,
			);
			name = CartoonsTests;
			productName = CartoonsTests;
			productReference = 2C990FCA1B753F63001EAFA1 /* CartoonsTests.xctest */;
			productType = "com.apple.product-type.bundle.unit-test";
		};
/* End PBXNativeTarget section */

/* Begin PBXProject section */
		2C990FA91B753F63001EAFA1 /* Project object */ = {
			isa = PBXProject;
			attributes = {
				LastUpgradeCheck = 0640;
				ORGANIZATIONNAME = "Dmitriy Demchenko";
				TargetAttributes = {
					2C990FB01B753F63001EAFA1 = {
						CreatedOnToolsVersion = 6.4;
					};
					2C990FC91B753F63001EAFA1 = {
						CreatedOnToolsVersion = 6.4;
						TestTargetID = 2C990FB01B753F63001EAFA1;
					};
				};
			};
			buildConfigurationList = 2C990FAC1B753F63001EAFA1 /* Build configuration list for PBXProject "Cartoons" */;
			compatibilityVersion = "Xcode 3.2";
			developmentRegion = English;
			hasScannedForEncodings = 0;
			knownRegions = (
				en,
				Base,
				ru,
			);
			mainGroup = 2C990FA81B753F63001EAFA1;
			productRefGroup = 2C990FB21B753F63001EAFA1 /* Products */;
			projectDirPath = "";
			projectRoot = "";
			targets = (
				2C990FB01B753F63001EAFA1 /* Cartoons */,
				2C990FC91B753F63001EAFA1 /* CartoonsTests */,
			);
		};
/* End PBXProject section */

/* Begin PBXResourcesBuildPhase section */
		2C990FAF1B753F63001EAFA1 /* Resources */ = {
			isa = PBXResourcesBuildPhase;
			buildActionMask = 2147483647;
			files = (
				2C65E5D01B889AD000FBCF1E /* DDCharacterTableCell.xib in Resources */,
				2C4E44201B923EFF00C62188 /* Info.plist in Resources */,
				2C4B9D8C1B8F1F3400FE3A1D /* Images.xcassets in Resources */,
				2C4B9D8A1B8EF37000FE3A1D /* Default-568h@2x.png in Resources */,
				2C4E440D1B9232D100C62188 /* Localizable.strings in Resources */,
				2C4E441C1B923E4D00C62188 /* Main.storyboard in Resources */,
				2C4E44221B923F6900C62188 /* LaunchScreen.xib in Resources */,
				2C65E5AA1B888EE800FBCF1E /* Characters.plist in Resources */,
			);
			runOnlyForDeploymentPostprocessing = 0;
		};
		2C990FC81B753F63001EAFA1 /* Resources */ = {
			isa = PBXResourcesBuildPhase;
			buildActionMask = 2147483647;
			files = (
			);
			runOnlyForDeploymentPostprocessing = 0;
		};
/* End PBXResourcesBuildPhase section */

/* Begin PBXShellScriptBuildPhase section */
		13E5D21EBE2E9C5AEB8847F9 /* Check Pods Manifest.lock */ = {
			isa = PBXShellScriptBuildPhase;
			buildActionMask = 2147483647;
			files = (
			);
			inputPaths = (
			);
			name = "Check Pods Manifest.lock";
			outputPaths = (
			);
			runOnlyForDeploymentPostprocessing = 0;
			shellPath = /bin/sh;
			shellScript = "diff \"${PODS_ROOT}/../Podfile.lock\" \"${PODS_ROOT}/Manifest.lock\" > /dev/null\nif [[ $? != 0 ]] ; then\n    cat << EOM\nerror: The sandbox is not in sync with the Podfile.lock. Run 'pod install' or update your CocoaPods installation.\nEOM\n    exit 1\nfi\n";
			showEnvVarsInLog = 0;
		};
		C3A545690B077DD3F3353782 /* Copy Pods Resources */ = {
			isa = PBXShellScriptBuildPhase;
			buildActionMask = 2147483647;
			files = (
			);
			inputPaths = (
			);
			name = "Copy Pods Resources";
			outputPaths = (
			);
			runOnlyForDeploymentPostprocessing = 0;
			shellPath = /bin/sh;
			shellScript = "\"${SRCROOT}/Pods/Target Support Files/Pods/Pods-resources.sh\"\n";
			showEnvVarsInLog = 0;
		};
/* End PBXShellScriptBuildPhase section */

/* Begin PBXSourcesBuildPhase section */
		2C990FAD1B753F63001EAFA1 /* Sources */ = {
			isa = PBXSourcesBuildPhase;
			buildActionMask = 2147483647;
			files = (
				2C81744C1B9300F1005E1472 /* DDCharacterFactory.m in Sources */,
				2C65E5C81B889A6900FBCF1E /* DDCharacterCollectionCell.m in Sources */,
				2C78A3751B9A2B6A00281D7D /* DDCoreDataManager.m in Sources */,
				2C81744D1B9300F1005E1472 /* DDDataSource.m in Sources */,
				2C6E02F11B91BCBE00B465A7 /* UIColor+AppColors.m in Sources */,
				2C7CAD061BA1E5BE00C43197 /* DDMigrateManager.m in Sources */,
				2C8174401B930072005E1472 /* DDAppDelegate.m in Sources */,
				2C1727F81B8C24610088402C /* DDMainController.m in Sources */,
				2C990FB71B753F63001EAFA1 /* main.m in Sources */,
				2C456F941B9AE24C006EE3D3 /* CharacterModel.xcdatamodeld in Sources */,
				2CC0D2541B91D265005E1EDC /* UIAlertView+Convenience.m in Sources */,
				2C8174441B9300BC005E1472 /* DDDataManager.m in Sources */,
				2C65E5D81B889B2F00FBCF1E /* DDCharacterCollectionController.m in Sources */,
				2C6E02F51B91BEF000B465A7 /* CAGradientLayer+Colors.m in Sources */,
				2C456F971B9AE789006EE3D3 /* DDCharacter.m in Sources */,
				2C997EB01B8B321000EB2E74 /* DDAddCharacterController.m in Sources */,
				2CC0D2631B91DB20005E1EDC /* DDContainerSegue.m in Sources */,
				2C65E5D91B889B2F00FBCF1E /* DDCharacterTableController.m in Sources */,
				2C81743B1B92FACE005E1472 /* DDInputValidator.m in Sources */,
				2C997EAC1B8B308E00EB2E74 /* DDContainerViewController.m in Sources */,
				2C65E5CF1B889AD000FBCF1E /* DDCharacterTableCell.m in Sources */,
				2C1DBA661B8E08C30030E807 /* NSString+ResourcePath.m in Sources */,
				2CACA1951B8DD953008EA41D /* NSString+StringFromDate.m in Sources */,
			);
			runOnlyForDeploymentPostprocessing = 0;
		};
		2C990FC61B753F63001EAFA1 /* Sources */ = {
			isa = PBXSourcesBuildPhase;
			buildActionMask = 2147483647;
			files = (
				2C990FD11B753F63001EAFA1 /* CartoonsTests.m in Sources */,
			);
			runOnlyForDeploymentPostprocessing = 0;
		};
/* End PBXSourcesBuildPhase section */

/* Begin PBXTargetDependency section */
		2C990FCC1B753F63001EAFA1 /* PBXTargetDependency */ = {
			isa = PBXTargetDependency;
			target = 2C990FB01B753F63001EAFA1 /* Cartoons */;
			targetProxy = 2C990FCB1B753F63001EAFA1 /* PBXContainerItemProxy */;
		};
/* End PBXTargetDependency section */

/* Begin PBXVariantGroup section */
		2C4E440F1B9232D100C62188 /* Localizable.strings */ = {
			isa = PBXVariantGroup;
			children = (
				2C4E440E1B9232D100C62188 /* en */,
				2C4E44101B9232D600C62188 /* ru */,
			);
			name = Localizable.strings;
			path = SupportingFiles;
			sourceTree = "<group>";
		};
/* End PBXVariantGroup section */

/* Begin XCBuildConfiguration section */
		2C990FD21B753F63001EAFA1 /* Debug */ = {
			isa = XCBuildConfiguration;
			buildSettings = {
				ALWAYS_SEARCH_USER_PATHS = NO;
				CLANG_CXX_LANGUAGE_STANDARD = "gnu++0x";
				CLANG_CXX_LIBRARY = "libc++";
				CLANG_ENABLE_MODULES = YES;
				CLANG_ENABLE_OBJC_ARC = YES;
				CLANG_WARN_BOOL_CONVERSION = YES;
				CLANG_WARN_CONSTANT_CONVERSION = YES;
				CLANG_WARN_DIRECT_OBJC_ISA_USAGE = YES_ERROR;
				CLANG_WARN_EMPTY_BODY = YES;
				CLANG_WARN_ENUM_CONVERSION = YES;
				CLANG_WARN_INT_CONVERSION = YES;
				CLANG_WARN_OBJC_ROOT_CLASS = YES_ERROR;
				CLANG_WARN_UNREACHABLE_CODE = YES;
				CLANG_WARN__DUPLICATE_METHOD_MATCH = YES;
				"CODE_SIGN_IDENTITY[sdk=iphoneos*]" = "iPhone Developer";
				COPY_PHASE_STRIP = NO;
				DEBUG_INFORMATION_FORMAT = "dwarf-with-dsym";
				ENABLE_STRICT_OBJC_MSGSEND = YES;
				GCC_C_LANGUAGE_STANDARD = gnu99;
				GCC_DYNAMIC_NO_PIC = NO;
				GCC_NO_COMMON_BLOCKS = YES;
				GCC_OPTIMIZATION_LEVEL = 0;
				GCC_PREPROCESSOR_DEFINITIONS = (
					"DEBUG=1",
					"$(inherited)",
				);
				GCC_SYMBOLS_PRIVATE_EXTERN = NO;
				GCC_WARN_64_TO_32_BIT_CONVERSION = YES;
				GCC_WARN_ABOUT_RETURN_TYPE = YES_ERROR;
				GCC_WARN_UNDECLARED_SELECTOR = YES;
				GCC_WARN_UNINITIALIZED_AUTOS = YES_AGGRESSIVE;
				GCC_WARN_UNUSED_FUNCTION = YES;
				GCC_WARN_UNUSED_VARIABLE = YES;
				IPHONEOS_DEPLOYMENT_TARGET = 8.4;
				MTL_ENABLE_DEBUG_INFO = YES;
				ONLY_ACTIVE_ARCH = YES;
				SDKROOT = iphoneos;
			};
			name = Debug;
		};
		2C990FD31B753F63001EAFA1 /* Release */ = {
			isa = XCBuildConfiguration;
			buildSettings = {
				ALWAYS_SEARCH_USER_PATHS = NO;
				CLANG_CXX_LANGUAGE_STANDARD = "gnu++0x";
				CLANG_CXX_LIBRARY = "libc++";
				CLANG_ENABLE_MODULES = YES;
				CLANG_ENABLE_OBJC_ARC = YES;
				CLANG_WARN_BOOL_CONVERSION = YES;
				CLANG_WARN_CONSTANT_CONVERSION = YES;
				CLANG_WARN_DIRECT_OBJC_ISA_USAGE = YES_ERROR;
				CLANG_WARN_EMPTY_BODY = YES;
				CLANG_WARN_ENUM_CONVERSION = YES;
				CLANG_WARN_INT_CONVERSION = YES;
				CLANG_WARN_OBJC_ROOT_CLASS = YES_ERROR;
				CLANG_WARN_UNREACHABLE_CODE = YES;
				CLANG_WARN__DUPLICATE_METHOD_MATCH = YES;
				"CODE_SIGN_IDENTITY[sdk=iphoneos*]" = "iPhone Developer";
				COPY_PHASE_STRIP = NO;
				DEBUG_INFORMATION_FORMAT = "dwarf-with-dsym";
				ENABLE_NS_ASSERTIONS = NO;
				ENABLE_STRICT_OBJC_MSGSEND = YES;
				GCC_C_LANGUAGE_STANDARD = gnu99;
				GCC_NO_COMMON_BLOCKS = YES;
				GCC_WARN_64_TO_32_BIT_CONVERSION = YES;
				GCC_WARN_ABOUT_RETURN_TYPE = YES_ERROR;
				GCC_WARN_UNDECLARED_SELECTOR = YES;
				GCC_WARN_UNINITIALIZED_AUTOS = YES_AGGRESSIVE;
				GCC_WARN_UNUSED_FUNCTION = YES;
				GCC_WARN_UNUSED_VARIABLE = YES;
				IPHONEOS_DEPLOYMENT_TARGET = 8.4;
				MTL_ENABLE_DEBUG_INFO = NO;
				SDKROOT = iphoneos;
				VALIDATE_PRODUCT = YES;
			};
			name = Release;
		};
		2C990FD51B753F63001EAFA1 /* Debug */ = {
			isa = XCBuildConfiguration;
			baseConfigurationReference = 12B092A7EA6E9F36D441E234 /* Pods.debug.xcconfig */;
			buildSettings = {
				ASSETCATALOG_COMPILER_APPICON_NAME = AppIcon;
				GCC_PREFIX_HEADER = Cartoons/SupportingFiles/PrefixHeader.pch;
				INFOPLIST_FILE = "$(SRCROOT)/Cartoons/SupportingFiles/Info.plist";
				IPHONEOS_DEPLOYMENT_TARGET = 8.4;
				LD_RUNPATH_SEARCH_PATHS = "$(inherited) @executable_path/Frameworks";
				PRODUCT_NAME = "$(TARGET_NAME)";
			};
			name = Debug;
		};
		2C990FD61B753F63001EAFA1 /* Release */ = {
			isa = XCBuildConfiguration;
			baseConfigurationReference = C369AD996EF71B86C511C5B7 /* Pods.release.xcconfig */;
			buildSettings = {
				ASSETCATALOG_COMPILER_APPICON_NAME = AppIcon;
				GCC_PREFIX_HEADER = Cartoons/SupportingFiles/PrefixHeader.pch;
				INFOPLIST_FILE = "$(SRCROOT)/Cartoons/SupportingFiles/Info.plist";
				IPHONEOS_DEPLOYMENT_TARGET = 8.4;
				LD_RUNPATH_SEARCH_PATHS = "$(inherited) @executable_path/Frameworks";
				PRODUCT_NAME = "$(TARGET_NAME)";
			};
			name = Release;
		};
		2C990FD81B753F63001EAFA1 /* Debug */ = {
			isa = XCBuildConfiguration;
			buildSettings = {
				BUNDLE_LOADER = "$(TEST_HOST)";
				FRAMEWORK_SEARCH_PATHS = (
					"$(SDKROOT)/Developer/Library/Frameworks",
					"$(inherited)",
				);
				GCC_PREPROCESSOR_DEFINITIONS = (
					"DEBUG=1",
					"$(inherited)",
				);
				INFOPLIST_FILE = CartoonsTests/Info.plist;
				LD_RUNPATH_SEARCH_PATHS = "$(inherited) @executable_path/Frameworks @loader_path/Frameworks";
				PRODUCT_NAME = "$(TARGET_NAME)";
				TEST_HOST = "$(BUILT_PRODUCTS_DIR)/Cartoons.app/Cartoons";
			};
			name = Debug;
		};
		2C990FD91B753F63001EAFA1 /* Release */ = {
			isa = XCBuildConfiguration;
			buildSettings = {
				BUNDLE_LOADER = "$(TEST_HOST)";
				FRAMEWORK_SEARCH_PATHS = (
					"$(SDKROOT)/Developer/Library/Frameworks",
					"$(inherited)",
				);
				INFOPLIST_FILE = CartoonsTests/Info.plist;
				LD_RUNPATH_SEARCH_PATHS = "$(inherited) @executable_path/Frameworks @loader_path/Frameworks";
				PRODUCT_NAME = "$(TARGET_NAME)";
				TEST_HOST = "$(BUILT_PRODUCTS_DIR)/Cartoons.app/Cartoons";
			};
			name = Release;
		};
/* End XCBuildConfiguration section */

/* Begin XCConfigurationList section */
		2C990FAC1B753F63001EAFA1 /* Build configuration list for PBXProject "Cartoons" */ = {
			isa = XCConfigurationList;
			buildConfigurations = (
				2C990FD21B753F63001EAFA1 /* Debug */,
				2C990FD31B753F63001EAFA1 /* Release */,
			);
			defaultConfigurationIsVisible = 0;
			defaultConfigurationName = Release;
		};
		2C990FD41B753F63001EAFA1 /* Build configuration list for PBXNativeTarget "Cartoons" */ = {
			isa = XCConfigurationList;
			buildConfigurations = (
				2C990FD51B753F63001EAFA1 /* Debug */,
				2C990FD61B753F63001EAFA1 /* Release */,
			);
			defaultConfigurationIsVisible = 0;
			defaultConfigurationName = Release;
		};
		2C990FD71B753F63001EAFA1 /* Build configuration list for PBXNativeTarget "CartoonsTests" */ = {
			isa = XCConfigurationList;
			buildConfigurations = (
				2C990FD81B753F63001EAFA1 /* Debug */,
				2C990FD91B753F63001EAFA1 /* Release */,
			);
			defaultConfigurationIsVisible = 0;
			defaultConfigurationName = Release;
		};
/* End XCConfigurationList section */

/* Begin XCVersionGroup section */
		2C456F921B9AE24C006EE3D3 /* CharacterModel.xcdatamodeld */ = {
			isa = XCVersionGroup;
			children = (
				2C456F931B9AE24C006EE3D3 /* CharacterModel.xcdatamodel */,
			);
			currentVersion = 2C456F931B9AE24C006EE3D3 /* CharacterModel.xcdatamodel */;
			name = CharacterModel.xcdatamodeld;
			path = CoreData/CharacterModel.xcdatamodeld;
			sourceTree = "<group>";
			versionGroupType = wrapper.xcdatamodel;
		};
/* End XCVersionGroup section */
	};
	rootObject = 2C990FA91B753F63001EAFA1 /* Project object */;
}
